{
  "requires": true,
  "lockfileVersion": 1,
  "dependencies": {
    "@types/node": {
      "version": "10.12.11",
      "resolved": "http://npm.guahao-inc.com/@types%2fnode/-/node-10.12.11.tgz",
      "integrity": "sha512-3iIOhNiPGTdcUNVCv9e5G7GotfvJJe2pc9w2UgDXlUwnxSZ3RgcUocIU+xYm+rTU54jIKih998QE4dMOyMN1NQ==",
      "dev": true
    }
  }
}
